// !$*UTF8*$!
{
	archiveVersion = 1;
	classes = {
	};
	objectVersion = 56;
	objects = {

/* Begin PBXBuildFile section */
		41554A552CF23E9200CEB4C7 /* FirstPage.swift in Sources */ = {isa = PBXBuildFile; fileRef = 41554A542CF23E9200CEB4C7 /* FirstPage.swift */; };
		41F1F3D72CEF5A740086B774 /* TwitterCloneAppApp.swift in Sources */ = {isa = PBXBuildFile; fileRef = 41F1F3D62CEF5A740086B774 /* TwitterCloneAppApp.swift */; };
		41F1F3DB2CEF5A750086B774 /* Assets.xcassets in Resources */ = {isa = PBXBuildFile; fileRef = 41F1F3DA2CEF5A750086B774 /* Assets.xcassets */; };
		41F1F3DE2CEF5A750086B774 /* Preview Assets.xcassets in Resources */ = {isa = PBXBuildFile; fileRef = 41F1F3DD2CEF5A750086B774 /* Preview Assets.xcassets */; };
		41F1F3E82CEF5A750086B774 /* TwitterCloneAppTests.swift in Sources */ = {isa = PBXBuildFile; fileRef = 41F1F3E72CEF5A750086B774 /* TwitterCloneAppTests.swift */; };
		41F1F3F22CEF5A750086B774 /* TwitterCloneAppUITests.swift in Sources */ = {isa = PBXBuildFile; fileRef = 41F1F3F12CEF5A750086B774 /* TwitterCloneAppUITests.swift */; };
		41F1F3F42CEF5A750086B774 /* TwitterCloneAppUITestsLaunchTests.swift in Sources */ = {isa = PBXBuildFile; fileRef = 41F1F3F32CEF5A750086B774 /* TwitterCloneAppUITestsLaunchTests.swift */; };
		41F1F4012CEF5D260086B774 /* GoogleService-Info.plist in Resources */ = {isa = PBXBuildFile; fileRef = 41F1F4002CEF5D260086B774 /* GoogleService-Info.plist */; };
		41F1F4042CEF5FAE0086B774 /* FirebaseAuth in Frameworks */ = {isa = PBXBuildFile; productRef = 41F1F4032CEF5FAE0086B774 /* FirebaseAuth */; };
		41F1F4062CEF5FAE0086B774 /* FirebaseDatabase in Frameworks */ = {isa = PBXBuildFile; productRef = 41F1F4052CEF5FAE0086B774 /* FirebaseDatabase */; };
		41F1F4082CEF5FAE0086B774 /* FirebaseFirestore in Frameworks */ = {isa = PBXBuildFile; productRef = 41F1F4072CEF5FAE0086B774 /* FirebaseFirestore */; };
		41F1F40A2CEF5FAE0086B774 /* FirebaseStorage in Frameworks */ = {isa = PBXBuildFile; productRef = 41F1F4092CEF5FAE0086B774 /* FirebaseStorage */; };
		41F1F40C2CEF608B0086B774 /* SignPage.swift in Sources */ = {isa = PBXBuildFile; fileRef = 41F1F40B2CEF608B0086B774 /* SignPage.swift */; };
		41F1F40E2CEF60950086B774 /* LoginPage.swift in Sources */ = {isa = PBXBuildFile; fileRef = 41F1F40D2CEF60950086B774 /* LoginPage.swift */; };
		41F1F4102CEF60A20086B774 /* MainPage.swift in Sources */ = {isa = PBXBuildFile; fileRef = 41F1F40F2CEF60A20086B774 /* MainPage.swift */; };
/* End PBXBuildFile section */

/* Begin PBXContainerItemProxy section */
		41F1F3E42CEF5A750086B774 /* PBXContainerItemProxy */ = {
			isa = PBXContainerItemProxy;
			containerPortal = 41F1F3CB2CEF5A740086B774 /* Project object */;
			proxyType = 1;
			remoteGlobalIDString = 41F1F3D22CEF5A740086B774;
			remoteInfo = TwitterCloneApp;
		};
		41F1F3EE2CEF5A750086B774 /* PBXContainerItemProxy */ = {
			isa = PBXContainerItemProxy;
			containerPortal = 41F1F3CB2CEF5A740086B774 /* Project object */;
			proxyType = 1;
			remoteGlobalIDString = 41F1F3D22CEF5A740086B774;
			remoteInfo = TwitterCloneApp;
		};
/* End PBXContainerItemProxy section */

/* Begin PBXFileReference section */
		41554A542CF23E9200CEB4C7 /* FirstPage.swift */ = {isa = PBXFileReference; lastKnownFileType = sourcecode.swift; path = FirstPage.swift; sourceTree = "<group>"; };
		41F1F3D32CEF5A740086B774 /* TwitterCloneApp.app */ = {isa = PBXFileReference; explicitFileType = wrapper.application; includeInIndex = 0; path = TwitterCloneApp.app; sourceTree = BUILT_PRODUCTS_DIR; };
		41F1F3D62CEF5A740086B774 /* TwitterCloneAppApp.swift */ = {isa = PBXFileReference; lastKnownFileType = sourcecode.swift; path = TwitterCloneAppApp.swift; sourceTree = "<group>"; };
		41F1F3DA2CEF5A750086B774 /* Assets.xcassets */ = {isa = PBXFileReference; lastKnownFileType = folder.assetcatalog; path = Assets.xcassets; sourceTree = "<group>"; };
		41F1F3DD2CEF5A750086B774 /* Preview Assets.xcassets */ = {isa = PBXFileReference; lastKnownFileType = folder.assetcatalog; path = "Preview Assets.xcassets"; sourceTree = "<group>"; };
		41F1F3E32CEF5A750086B774 /* TwitterCloneAppTests.xctest */ = {isa = PBXFileReference; explicitFileType = wrapper.cfbundle; includeInIndex = 0; path = TwitterCloneAppTests.xctest; sourceTree = BUILT_PRODUCTS_DIR; };
		41F1F3E72CEF5A750086B774 /* TwitterCloneAppTests.swift */ = {isa = PBXFileReference; lastKnownFileType = sourcecode.swift; path = TwitterCloneAppTests.swift; sourceTree = "<group>"; };
		41F1F3ED2CEF5A750086B774 /* TwitterCloneAppUITests.xctest */ = {isa = PBXFileReference; explicitFileType = wrapper.cfbundle; includeInIndex = 0; path = TwitterCloneAppUITests.xctest; sourceTree = BUILT_PRODUCTS_DIR; };
		41F1F3F12CEF5A750086B774 /* TwitterCloneAppUITests.swift */ = {isa = PBXFileReference; lastKnownFileType = sourcecode.swift; path = TwitterCloneAppUITests.swift; sourceTree = "<group>"; };
		41F1F3F32CEF5A750086B774 /* TwitterCloneAppUITestsLaunchTests.swift */ = {isa = PBXFileReference; lastKnownFileType = sourcecode.swift; path = TwitterCloneAppUITestsLaunchTests.swift; sourceTree = "<group>"; };
		41F1F4002CEF5D260086B774 /* GoogleService-Info.plist */ = {isa = PBXFileReference; fileEncoding = 4; lastKnownFileType = text.plist.xml; name = "GoogleService-Info.plist"; path = "../../../GoogleService-Info.plist"; sourceTree = "<group>"; };
		41F1F40B2CEF608B0086B774 /* SignPage.swift */ = {isa = PBXFileReference; lastKnownFileType = sourcecode.swift; path = SignPage.swift; sourceTree = "<group>"; };
		41F1F40D2CEF60950086B774 /* LoginPage.swift */ = {isa = PBXFileReference; lastKnownFileType = sourcecode.swift; path = LoginPage.swift; sourceTree = "<group>"; };
		41F1F40F2CEF60A20086B774 /* MainPage.swift */ = {isa = PBXFileReference; lastKnownFileType = sourcecode.swift; path = MainPage.swift; sourceTree = "<group>"; };
/* End PBXFileReference section */

/* Begin PBXFrameworksBuildPhase section */
		41F1F3D02CEF5A740086B774 /* Frameworks */ = {
			isa = PBXFrameworksBuildPhase;
			buildActionMask = 2147483647;
			files = (
				41F1F4062CEF5FAE0086B774 /* FirebaseDatabase in Frameworks */,
				41F1F40A2CEF5FAE0086B774 /* FirebaseStorage in Frameworks */,
				41F1F4042CEF5FAE0086B774 /* FirebaseAuth in Frameworks */,
				41F1F4082CEF5FAE0086B774 /* FirebaseFirestore in Frameworks */,
			);
			runOnlyForDeploymentPostprocessing = 0;
		};
		41F1F3E02CEF5A750086B774 /* Frameworks */ = {
			isa = PBXFrameworksBuildPhase;
			buildActionMask = 2147483647;
			files = (
			);
			runOnlyForDeploymentPostprocessing = 0;
		};
		41F1F3EA2CEF5A750086B774 /* Frameworks */ = {
			isa = PBXFrameworksBuildPhase;
			buildActionMask = 2147483647;
			files = (
			);
			runOnlyForDeploymentPostprocessing = 0;
		};
/* End PBXFrameworksBuildPhase section */

/* Begin PBXGroup section */
		41F1F3CA2CEF5A740086B774 = {
			isa = PBXGroup;
			children = (
				41F1F3D52CEF5A740086B774 /* TwitterCloneApp */,
				41F1F3E62CEF5A750086B774 /* TwitterCloneAppTests */,
				41F1F3F02CEF5A750086B774 /* TwitterCloneAppUITests */,
				41F1F3D42CEF5A740086B774 /* Products */,
			);
			sourceTree = "<group>";
		};
		41F1F3D42CEF5A740086B774 /* Products */ = {
			isa = PBXGroup;
			children = (
				41F1F3D32CEF5A740086B774 /* TwitterCloneApp.app */,
				41F1F3E32CEF5A750086B774 /* TwitterCloneAppTests.xctest */,
				41F1F3ED2CEF5A750086B774 /* TwitterCloneAppUITests.xctest */,
			);
			name = Products;
			sourceTree = "<group>";
		};
		41F1F3D52CEF5A740086B774 /* TwitterCloneApp */ = {
			isa = PBXGroup;
			children = (
				41F1F4002CEF5D260086B774 /* GoogleService-Info.plist */,
				41F1F3D62CEF5A740086B774 /* TwitterCloneAppApp.swift */,
				41F1F4112CEF60BA0086B774 /* Pages */,
				41F1F3DA2CEF5A750086B774 /* Assets.xcassets */,
				41F1F3DC2CEF5A750086B774 /* Preview Content */,
			);
			path = TwitterCloneApp;
			sourceTree = "<group>";
		};
		41F1F3DC2CEF5A750086B774 /* Preview Content */ = {
			isa = PBXGroup;
			children = (
				41F1F3DD2CEF5A750086B774 /* Preview Assets.xcassets */,
			);
			path = "Preview Content";
			sourceTree = "<group>";
		};
		41F1F3E62CEF5A750086B774 /* TwitterCloneAppTests */ = {
			isa = PBXGroup;
			children = (
				41F1F3E72CEF5A750086B774 /* TwitterCloneAppTests.swift */,
			);
			path = TwitterCloneAppTests;
			sourceTree = "<group>";
		};
		41F1F3F02CEF5A750086B774 /* TwitterCloneAppUITests */ = {
			isa = PBXGroup;
			children = (
				41F1F3F12CEF5A750086B774 /* TwitterCloneAppUITests.swift */,
				41F1F3F32CEF5A750086B774 /* TwitterCloneAppUITestsLaunchTests.swift */,
			);
			path = TwitterCloneAppUITests;
			sourceTree = "<group>";
		};
		41F1F4112CEF60BA0086B774 /* Pages */ = {
			isa = PBXGroup;
			children = (
				41F1F40B2CEF608B0086B774 /* SignPage.swift */,
				41F1F40D2CEF60950086B774 /* LoginPage.swift */,
				41F1F40F2CEF60A20086B774 /* MainPage.swift */,
				41554A542CF23E9200CEB4C7 /* FirstPage.swift */,
			);
			path = Pages;
			sourceTree = "<group>";
		};
/* End PBXGroup section */

/* Begin PBXNativeTarget section */
		41F1F3D22CEF5A740086B774 /* TwitterCloneApp */ = {
			isa = PBXNativeTarget;
			buildConfigurationList = 41F1F3F72CEF5A750086B774 /* Build configuration list for PBXNativeTarget "TwitterCloneApp" */;
			buildPhases = (
				41F1F3CF2CEF5A740086B774 /* Sources */,
				41F1F3D02CEF5A740086B774 /* Frameworks */,
				41F1F3D12CEF5A740086B774 /* Resources */,
			);
			buildRules = (
			);
			dependencies = (
			);
			name = TwitterCloneApp;
			packageProductDependencies = (
				41F1F4032CEF5FAE0086B774 /* FirebaseAuth */,
				41F1F4052CEF5FAE0086B774 /* FirebaseDatabase */,
				41F1F4072CEF5FAE0086B774 /* FirebaseFirestore */,
				41F1F4092CEF5FAE0086B774 /* FirebaseStorage */,
			);
			productName = TwitterCloneApp;
			productReference = 41F1F3D32CEF5A740086B774 /* TwitterCloneApp.app */;
			productType = "com.apple.product-type.application";
		};
		41F1F3E22CEF5A750086B774 /* TwitterCloneAppTests */ = {
			isa = PBXNativeTarget;
			buildConfigurationList = 41F1F3FA2CEF5A750086B774 /* Build configuration list for PBXNativeTarget "TwitterCloneAppTests" */;
			buildPhases = (
				41F1F3DF2CEF5A750086B774 /* Sources */,
				41F1F3E02CEF5A750086B774 /* Frameworks */,
				41F1F3E12CEF5A750086B774 /* Resources */,
			);
			buildRules = (
			);
			dependencies = (
				41F1F3E52CEF5A750086B774 /* PBXTargetDependency */,
			);
			name = TwitterCloneAppTests;
			productName = TwitterCloneAppTests;
			productReference = 41F1F3E32CEF5A750086B774 /* TwitterCloneAppTests.xctest */;
			productType = "com.apple.product-type.bundle.unit-test";
		};
		41F1F3EC2CEF5A750086B774 /* TwitterCloneAppUITests */ = {
			isa = PBXNativeTarget;
			buildConfigurationList = 41F1F3FD2CEF5A750086B774 /* Build configuration list for PBXNativeTarget "TwitterCloneAppUITests" */;
			buildPhases = (
				41F1F3E92CEF5A750086B774 /* Sources */,
				41F1F3EA2CEF5A750086B774 /* Frameworks */,
				41F1F3EB2CEF5A750086B774 /* Resources */,
			);
			buildRules = (
			);
			dependencies = (
				41F1F3EF2CEF5A750086B774 /* PBXTargetDependency */,
			);
			name = TwitterCloneAppUITests;
			productName = TwitterCloneAppUITests;
			productReference = 41F1F3ED2CEF5A750086B774 /* TwitterCloneAppUITests.xctest */;
			productType = "com.apple.product-type.bundle.ui-testing";
		};
/* End PBXNativeTarget section */

/* Begin PBXProject section */
		41F1F3CB2CEF5A740086B774 /* Project object */ = {
			isa = PBXProject;
			attributes = {
				BuildIndependentTargetsInParallel = 1;
				LastSwiftUpdateCheck = 1530;
				LastUpgradeCheck = 1530;
				TargetAttributes = {
					41F1F3D22CEF5A740086B774 = {
						CreatedOnToolsVersion = 15.3;
					};
					41F1F3E22CEF5A750086B774 = {
						CreatedOnToolsVersion = 15.3;
						TestTargetID = 41F1F3D22CEF5A740086B774;
					};
					41F1F3EC2CEF5A750086B774 = {
						CreatedOnToolsVersion = 15.3;
						TestTargetID = 41F1F3D22CEF5A740086B774;
					};
				};
			};
			buildConfigurationList = 41F1F3CE2CEF5A740086B774 /* Build configuration list for PBXProject "TwitterCloneApp" */;
			compatibilityVersion = "Xcode 14.0";
			developmentRegion = en;
			hasScannedForEncodings = 0;
			knownRegions = (
				en,
				Base,
			);
			mainGroup = 41F1F3CA2CEF5A740086B774;
			packageReferences = (
				41F1F4022CEF5FAE0086B774 /* XCRemoteSwiftPackageReference "firebase-ios-sdk" */,
			);
			productRefGroup = 41F1F3D42CEF5A740086B774 /* Products */;
			projectDirPath = "";
			projectRoot = "";
			targets = (
				41F1F3D22CEF5A740086B774 /* TwitterCloneApp */,
				41F1F3E22CEF5A750086B774 /* TwitterCloneAppTests */,
				41F1F3EC2CEF5A750086B774 /* TwitterCloneAppUITests */,
			);
		};
/* End PBXProject section */

/* Begin PBXResourcesBuildPhase section */
		41F1F3D12CEF5A740086B774 /* Resources */ = {
			isa = PBXResourcesBuildPhase;
			buildActionMask = 2147483647;
			files = (
				41F1F3DE2CEF5A750086B774 /* Preview Assets.xcassets in Resources */,
				41F1F3DB2CEF5A750086B774 /* Assets.xcassets in Resources */,
				41F1F4012CEF5D260086B774 /* GoogleService-Info.plist in Resources */,
			);
			runOnlyForDeploymentPostprocessing = 0;
		};
		41F1F3E12CEF5A750086B774 /* Resources */ = {
			isa = PBXResourcesBuildPhase;
			buildActionMask = 2147483647;
			files = (
			);
			runOnlyForDeploymentPostprocessing = 0;
		};
		41F1F3EB2CEF5A750086B774 /* Resources */ = {
			isa = PBXResourcesBuildPhase;
			buildActionMask = 2147483647;
			files = (
			);
			runOnlyForDeploymentPostprocessing = 0;
		};
/* End PBXResourcesBuildPhase section */

/* Begin PBXSourcesBuildPhase section */
		41F1F3CF2CEF5A740086B774 /* Sources */ = {
			isa = PBXSourcesBuildPhase;
			buildActionMask = 2147483647;
			files = (
				41F1F4102CEF60A20086B774 /* MainPage.swift in Sources */,
				41554A552CF23E9200CEB4C7 /* FirstPage.swift in Sources */,
				41F1F40E2CEF60950086B774 /* LoginPage.swift in Sources */,
				41F1F40C2CEF608B0086B774 /* SignPage.swift in Sources */,
				41F1F3D72CEF5A740086B774 /* TwitterCloneAppApp.swift in Sources */,
			);
			runOnlyForDeploymentPostprocessing = 0;
		};
		41F1F3DF2CEF5A750086B774 /* Sources */ = {
			isa = PBXSourcesBuildPhase;
			buildActionMask = 2147483647;
			files = (
				41F1F3E82CEF5A750086B774 /* TwitterCloneAppTests.swift in Sources */,
			);
			runOnlyForDeploymentPostprocessing = 0;
		};
		41F1F3E92CEF5A750086B774 /* Sources */ = {
			isa = PBXSourcesBuildPhase;
			buildActionMask = 2147483647;
			files = (
				41F1F3F42CEF5A750086B774 /* TwitterCloneAppUITestsLaunchTests.swift in Sources */,
				41F1F3F22CEF5A750086B774 /* TwitterCloneAppUITests.swift in Sources */,
			);
			runOnlyForDeploymentPostprocessing = 0;
		};
/* End PBXSourcesBuildPhase section */

/* Begin PBXTargetDependency section */
		41F1F3E52CEF5A750086B774 /* PBXTargetDependency */ = {
			isa = PBXTargetDependency;
			target = 41F1F3D22CEF5A740086B774 /* TwitterCloneApp */;
			targetProxy = 41F1F3E42CEF5A750086B774 /* PBXContainerItemProxy */;
		};
		41F1F3EF2CEF5A750086B774 /* PBXTargetDependency */ = {
			isa = PBXTargetDependency;
			target = 41F1F3D22CEF5A740086B774 /* TwitterCloneApp */;
			targetProxy = 41F1F3EE2CEF5A750086B774 /* PBXContainerItemProxy */;
		};
/* End PBXTargetDependency section */

/* Begin XCBuildConfiguration section */
		41F1F3F52CEF5A750086B774 /* Debug */ = {
			isa = XCBuildConfiguration;
			buildSettings = {
				ALWAYS_SEARCH_USER_PATHS = NO;
				ASSETCATALOG_COMPILER_GENERATE_SWIFT_ASSET_SYMBOL_EXTENSIONS = YES;
				CLANG_ANALYZER_NONNULL = YES;
				CLANG_ANALYZER_NUMBER_OBJECT_CONVERSION = YES_AGGRESSIVE;
				CLANG_CXX_LANGUAGE_STANDARD = "gnu++20";
				CLANG_ENABLE_MODULES = YES;
				CLANG_ENABLE_OBJC_ARC = YES;
				CLANG_ENABLE_OBJC_WEAK = YES;
				CLANG_WARN_BLOCK_CAPTURE_AUTORELEASING = YES;
				CLANG_WARN_BOOL_CONVERSION = YES;
				CLANG_WARN_COMMA = YES;
				CLANG_WARN_CONSTANT_CONVERSION = YES;
				CLANG_WARN_DEPRECATED_OBJC_IMPLEMENTATIONS = YES;
				CLANG_WARN_DIRECT_OBJC_ISA_USAGE = YES_ERROR;
				CLANG_WARN_DOCUMENTATION_COMMENTS = YES;
				CLANG_WARN_EMPTY_BODY = YES;
				CLANG_WARN_ENUM_CONVERSION = YES;
				CLANG_WARN_INFINITE_RECURSION = YES;
				CLANG_WARN_INT_CONVERSION = YES;
				CLANG_WARN_NON_LITERAL_NULL_CONVERSION = YES;
				CLANG_WARN_OBJC_IMPLICIT_RETAIN_SELF = YES;
				CLANG_WARN_OBJC_LITERAL_CONVERSION = YES;
				CLANG_WARN_OBJC_ROOT_CLASS = YES_ERROR;
				CLANG_WARN_QUOTED_INCLUDE_IN_FRAMEWORK_HEADER = YES;
				CLANG_WARN_RANGE_LOOP_ANALYSIS = YES;
				CLANG_WARN_STRICT_PROTOTYPES = YES;
				CLANG_WARN_SUSPICIOUS_MOVE = YES;
				CLANG_WARN_UNGUARDED_AVAILABILITY = YES_AGGRESSIVE;
				CLANG_WARN_UNREACHABLE_CODE = YES;
				CLANG_WARN__DUPLICATE_METHOD_MATCH = YES;
				COPY_PHASE_STRIP = NO;
				DEBUG_INFORMATION_FORMAT = dwarf;
				ENABLE_STRICT_OBJC_MSGSEND = YES;
				ENABLE_TESTABILITY = YES;
				ENABLE_USER_SCRIPT_SANDBOXING = YES;
				GCC_C_LANGUAGE_STANDARD = gnu17;
				GCC_DYNAMIC_NO_PIC = NO;
				GCC_NO_COMMON_BLOCKS = YES;
				GCC_OPTIMIZATION_LEVEL = 0;
				GCC_PREPROCESSOR_DEFINITIONS = (
					"DEBUG=1",
					"$(inherited)",
				);
				GCC_WARN_64_TO_32_BIT_CONVERSION = YES;
				GCC_WARN_ABOUT_RETURN_TYPE = YES_ERROR;
				GCC_WARN_UNDECLARED_SELECTOR = YES;
				GCC_WARN_UNINITIALIZED_AUTOS = YES_AGGRESSIVE;
				GCC_WARN_UNUSED_FUNCTION = YES;
				GCC_WARN_UNUSED_VARIABLE = YES;
				IPHONEOS_DEPLOYMENT_TARGET = 17.4;
				LOCALIZATION_PREFERS_STRING_CATALOGS = YES;
				MTL_ENABLE_DEBUG_INFO = INCLUDE_SOURCE;
				MTL_FAST_MATH = YES;
				ONLY_ACTIVE_ARCH = YES;
				SDKROOT = iphoneos;
				SWIFT_ACTIVE_COMPILATION_CONDITIONS = "DEBUG $(inherited)";
				SWIFT_OPTIMIZATION_LEVEL = "-Onone";
			};
			name = Debug;
		};
		41F1F3F62CEF5A750086B774 /* Release */ = {
			isa = XCBuildConfiguration;
			buildSettings = {
				ALWAYS_SEARCH_USER_PATHS = NO;
				ASSETCATALOG_COMPILER_GENERATE_SWIFT_ASSET_SYMBOL_EXTENSIONS = YES;
				CLANG_ANALYZER_NONNULL = YES;
				CLANG_ANALYZER_NUMBER_OBJECT_CONVERSION = YES_AGGRESSIVE;
				CLANG_CXX_LANGUAGE_STANDARD = "gnu++20";
				CLANG_ENABLE_MODULES = YES;
				CLANG_ENABLE_OBJC_ARC = YES;
				CLANG_ENABLE_OBJC_WEAK = YES;
				CLANG_WARN_BLOCK_CAPTURE_AUTORELEASING = YES;
				CLANG_WARN_BOOL_CONVERSION = YES;
				CLANG_WARN_COMMA = YES;
				CLANG_WARN_CONSTANT_CONVERSION = YES;
				CLANG_WARN_DEPRECATED_OBJC_IMPLEMENTATIONS = YES;
				CLANG_WARN_DIRECT_OBJC_ISA_USAGE = YES_ERROR;
				CLANG_WARN_DOCUMENTATION_COMMENTS = YES;
				CLANG_WARN_EMPTY_BODY = YES;
				CLANG_WARN_ENUM_CONVERSION = YES;
				CLANG_WARN_INFINITE_RECURSION = YES;
				CLANG_WARN_INT_CONVERSION = YES;
				CLANG_WARN_NON_LITERAL_NULL_CONVERSION = YES;
				CLANG_WARN_OBJC_IMPLICIT_RETAIN_SELF = YES;
				CLANG_WARN_OBJC_LITERAL_CONVERSION = YES;
				CLANG_WARN_OBJC_ROOT_CLASS = YES_ERROR;
				CLANG_WARN_QUOTED_INCLUDE_IN_FRAMEWORK_HEADER = YES;
				CLANG_WARN_RANGE_LOOP_ANALYSIS = YES;
				CLANG_WARN_STRICT_PROTOTYPES = YES;
				CLANG_WARN_SUSPICIOUS_MOVE = YES;
				CLANG_WARN_UNGUARDED_AVAILABILITY = YES_AGGRESSIVE;
				CLANG_WARN_UNREACHABLE_CODE = YES;
				CLANG_WARN__DUPLICATE_METHOD_MATCH = YES;
				COPY_PHASE_STRIP = NO;
				DEBUG_INFORMATION_FORMAT = "dwarf-with-dsym";
				ENABLE_NS_ASSERTIONS = NO;
				ENABLE_STRICT_OBJC_MSGSEND = YES;
				ENABLE_USER_SCRIPT_SANDBOXING = YES;
				GCC_C_LANGUAGE_STANDARD = gnu17;
				GCC_NO_COMMON_BLOCKS = YES;
				GCC_WARN_64_TO_32_BIT_CONVERSION = YES;
				GCC_WARN_ABOUT_RETURN_TYPE = YES_ERROR;
				GCC_WARN_UNDECLARED_SELECTOR = YES;
				GCC_WARN_UNINITIALIZED_AUTOS = YES_AGGRESSIVE;
				GCC_WARN_UNUSED_FUNCTION = YES;
				GCC_WARN_UNUSED_VARIABLE = YES;
				IPHONEOS_DEPLOYMENT_TARGET = 17.4;
				LOCALIZATION_PREFERS_STRING_CATALOGS = YES;
				MTL_ENABLE_DEBUG_INFO = NO;
				MTL_FAST_MATH = YES;
				SDKROOT = iphoneos;
				SWIFT_COMPILATION_MODE = wholemodule;
				VALIDATE_PRODUCT = YES;
			};
			name = Release;
		};
		41F1F3F82CEF5A750086B774 /* Debug */ = {
			isa = XCBuildConfiguration;
			buildSettings = {
				ASSETCATALOG_COMPILER_APPICON_NAME = AppIcon;
				ASSETCATALOG_COMPILER_GLOBAL_ACCENT_COLOR_NAME = AccentColor;
				CODE_SIGN_STYLE = Automatic;
				CURRENT_PROJECT_VERSION = 1;
				DEVELOPMENT_ASSET_PATHS = "\"TwitterCloneApp/Preview Content\"";
				ENABLE_PREVIEWS = YES;
				GENERATE_INFOPLIST_FILE = YES;
				INFOPLIST_KEY_UIApplicationSceneManifest_Generation = YES;
				INFOPLIST_KEY_UIApplicationSupportsIndirectInputEvents = YES;
				INFOPLIST_KEY_UILaunchScreen_Generation = YES;
				INFOPLIST_KEY_UISupportedInterfaceOrientations_iPad = "UIInterfaceOrientationPortrait UIInterfaceOrientationPortraitUpsideDown UIInterfaceOrientationLandscapeLeft UIInterfaceOrientationLandscapeRight";
				INFOPLIST_KEY_UISupportedInterfaceOrientations_iPhone = "UIInterfaceOrientationPortrait UIInterfaceOrientationLandscapeLeft UIInterfaceOrientationLandscapeRight";
				LD_RUNPATH_SEARCH_PATHS = (
					"$(inherited)",
					"@executable_path/Frameworks",
				);
				MARKETING_VERSION = 1.0;
				PRODUCT_BUNDLE_IDENTIFIER = com.yagizkaya.TwitterCloneApp;
				PRODUCT_NAME = "$(TARGET_NAME)";
				SWIFT_EMIT_LOC_STRINGS = YES;
				SWIFT_VERSION = 5.0;
				TARGETED_DEVICE_FAMILY = "1,2";
			};
			name = Debug;
		};
		41F1F3F92CEF5A750086B774 /* Release */ = {
			isa = XCBuildConfiguration;
			buildSettings = {
				ASSETCATALOG_COMPILER_APPICON_NAME = AppIcon;
				ASSETCATALOG_COMPILER_GLOBAL_ACCENT_COLOR_NAME = AccentColor;
				CODE_SIGN_STYLE = Automatic;
				CURRENT_PROJECT_VERSION = 1;
				DEVELOPMENT_ASSET_PATHS = "\"TwitterCloneApp/Preview Content\"";
				ENABLE_PREVIEWS = YES;
				GENERATE_INFOPLIST_FILE = YES;
				INFOPLIST_KEY_UIApplicationSceneManifest_Generation = YES;
				INFOPLIST_KEY_UIApplicationSupportsIndirectInputEvents = YES;
				INFOPLIST_KEY_UILaunchScreen_Generation = YES;
				INFOPLIST_KEY_UISupportedInterfaceOrientations_iPad = "UIInterfaceOrientationPortrait UIInterfaceOrientationPortraitUpsideDown UIInterfaceOrientationLandscapeLeft UIInterfaceOrientationLandscapeRight";
				INFOPLIST_KEY_UISupportedInterfaceOrientations_iPhone = "UIInterfaceOrientationPortrait UIInterfaceOrientationLandscapeLeft UIInterfaceOrientationLandscapeRight";
				LD_RUNPATH_SEARCH_PATHS = (
					"$(inherited)",
					"@executable_path/Frameworks",
				);
				MARKETING_VERSION = 1.0;
				PRODUCT_BUNDLE_IDENTIFIER = com.yagizkaya.TwitterCloneApp;
				PRODUCT_NAME = "$(TARGET_NAME)";
				SWIFT_EMIT_LOC_STRINGS = YES;
				SWIFT_VERSION = 5.0;
				TARGETED_DEVICE_FAMILY = "1,2";
			};
			name = Release;
		};
		41F1F3FB2CEF5A750086B774 /* Debug */ = {
			isa = XCBuildConfiguration;
			buildSettings = {
				ALWAYS_EMBED_SWIFT_STANDARD_LIBRARIES = YES;
				BUNDLE_LOADER = "$(TEST_HOST)";
				CODE_SIGN_STYLE = Automatic;
				CURRENT_PROJECT_VERSION = 1;
				GENERATE_INFOPLIST_FILE = YES;
				IPHONEOS_DEPLOYMENT_TARGET = 17.4;
				MARKETING_VERSION = 1.0;
				PRODUCT_BUNDLE_IDENTIFIER = com.yagizkaya.TwitterCloneAppTests;
				PRODUCT_NAME = "$(TARGET_NAME)";
				SWIFT_EMIT_LOC_STRINGS = NO;
				SWIFT_VERSION = 5.0;
				TARGETED_DEVICE_FAMILY = "1,2";
				TEST_HOST = "$(BUILT_PRODUCTS_DIR)/TwitterCloneApp.app/$(BUNDLE_EXECUTABLE_FOLDER_PATH)/TwitterCloneApp";
			};
			name = Debug;
		};
		41F1F3FC2CEF5A750086B774 /* Release */ = {
			isa = XCBuildConfiguration;
			buildSettings = {
				ALWAYS_EMBED_SWIFT_STANDARD_LIBRARIES = YES;
				BUNDLE_LOADER = "$(TEST_HOST)";
				CODE_SIGN_STYLE = Automatic;
				CURRENT_PROJECT_VERSION = 1;
				GENERATE_INFOPLIST_FILE = YES;
				IPHONEOS_DEPLOYMENT_TARGET = 17.4;
				MARKETING_VERSION = 1.0;
				PRODUCT_BUNDLE_IDENTIFIER = com.yagizkaya.TwitterCloneAppTests;
				PRODUCT_NAME = "$(TARGET_NAME)";
				SWIFT_EMIT_LOC_STRINGS = NO;
				SWIFT_VERSION = 5.0;
				TARGETED_DEVICE_FAMILY = "1,2";
				TEST_HOST = "$(BUILT_PRODUCTS_DIR)/TwitterCloneApp.app/$(BUNDLE_EXECUTABLE_FOLDER_PATH)/TwitterCloneApp";
			};
			name = Release;
		};
		41F1F3FE2CEF5A750086B774 /* Debug */ = {
			isa = XCBuildConfiguration;
			buildSettings = {
				ALWAYS_EMBED_SWIFT_STANDARD_LIBRARIES = YES;
				CODE_SIGN_STYLE = Automatic;
				CURRENT_PROJECT_VERSION = 1;
				GENERATE_INFOPLIST_FILE = YES;
				MARKETING_VERSION = 1.0;
				PRODUCT_BUNDLE_IDENTIFIER = com.yagizkaya.TwitterCloneAppUITests;
				PRODUCT_NAME = "$(TARGET_NAME)";
				SWIFT_EMIT_LOC_STRINGS = NO;
				SWIFT_VERSION = 5.0;
				TARGETED_DEVICE_FAMILY = "1,2";
				TEST_TARGET_NAME = TwitterCloneApp;
			};
			name = Debug;
		};
		41F1F3FF2CEF5A750086B774 /* Release */ = {
			isa = XCBuildConfiguration;
			buildSettings = {
				ALWAYS_EMBED_SWIFT_STANDARD_LIBRARIES = YES;
				CODE_SIGN_STYLE = Automatic;
				CURRENT_PROJECT_VERSION = 1;
				GENERATE_INFOPLIST_FILE = YES;
				MARKETING_VERSION = 1.0;
				PRODUCT_BUNDLE_IDENTIFIER = com.yagizkaya.TwitterCloneAppUITests;
				PRODUCT_NAME = "$(TARGET_NAME)";
				SWIFT_EMIT_LOC_STRINGS = NO;
				SWIFT_VERSION = 5.0;
				TARGETED_DEVICE_FAMILY = "1,2";
				TEST_TARGET_NAME = TwitterCloneApp;
			};
			name = Release;
		};
/* End XCBuildConfiguration section */

/* Begin XCConfigurationList section */
		41F1F3CE2CEF5A740086B774 /* Build configuration list for PBXProject "TwitterCloneApp" */ = {
			isa = XCConfigurationList;
			buildConfigurations = (
				41F1F3F52CEF5A750086B774 /* Debug */,
				41F1F3F62CEF5A750086B774 /* Release */,
			);
			defaultConfigurationIsVisible = 0;
			defaultConfigurationName = Release;
		};
		41F1F3F72CEF5A750086B774 /* Build configuration list for PBXNativeTarget "TwitterCloneApp" */ = {
			isa = XCConfigurationList;
			buildConfigurations = (
				41F1F3F82CEF5A750086B774 /* Debug */,
				41F1F3F92CEF5A750086B774 /* Release */,
			);
			defaultConfigurationIsVisible = 0;
			defaultConfigurationName = Release;
		};
		41F1F3FA2CEF5A750086B774 /* Build configuration list for PBXNativeTarget "TwitterCloneAppTests" */ = {
			isa = XCConfigurationList;
			buildConfigurations = (
				41F1F3FB2CEF5A750086B774 /* Debug */,
				41F1F3FC2CEF5A750086B774 /* Release */,
			);
			defaultConfigurationIsVisible = 0;
			defaultConfigurationName = Release;
		};
		41F1F3FD2CEF5A750086B774 /* Build configuration list for PBXNativeTarget "TwitterCloneAppUITests" */ = {
			isa = XCConfigurationList;
			buildConfigurations = (
				41F1F3FE2CEF5A750086B774 /* Debug */,
				41F1F3FF2CEF5A750086B774 /* Release */,
			);
			defaultConfigurationIsVisible = 0;
			defaultConfigurationName = Release;
		};
/* End XCConfigurationList section */

/* Begin XCRemoteSwiftPackageReference section */
		41F1F4022CEF5FAE0086B774 /* XCRemoteSwiftPackageReference "firebase-ios-sdk" */ = {
			isa = XCRemoteSwiftPackageReference;
			repositoryURL = "https://github.com/firebase/firebase-ios-sdk";
			requirement = {
				kind = upToNextMajorVersion;
				minimumVersion = 11.5.0;
			};
		};
/* End XCRemoteSwiftPackageReference section */

/* Begin XCSwiftPackageProductDependency section */
		41F1F4032CEF5FAE0086B774 /* FirebaseAuth */ = {
			isa = XCSwiftPackageProductDependency;
			package = 41F1F4022CEF5FAE0086B774 /* XCRemoteSwiftPackageReference "firebase-ios-sdk" */;
			productName = FirebaseAuth;
		};
		41F1F4052CEF5FAE0086B774 /* FirebaseDatabase */ = {
			isa = XCSwiftPackageProductDependency;
			package = 41F1F4022CEF5FAE0086B774 /* XCRemoteSwiftPackageReference "firebase-ios-sdk" */;
			productName = FirebaseDatabase;
		};
		41F1F4072CEF5FAE0086B774 /* FirebaseFirestore */ = {
			isa = XCSwiftPackageProductDependency;
			package = 41F1F4022CEF5FAE0086B774 /* XCRemoteSwiftPackageReference "firebase-ios-sdk" */;
			productName = FirebaseFirestore;
		};
		41F1F4092CEF5FAE0086B774 /* FirebaseStorage */ = {
			isa = XCSwiftPackageProductDependency;
			package = 41F1F4022CEF5FAE0086B774 /* XCRemoteSwiftPackageReference "firebase-ios-sdk" */;
			productName = FirebaseStorage;
		};
/* End XCSwiftPackageProductDependency section */
	};
	rootObject = 41F1F3CB2CEF5A740086B774 /* Project object */;
}
